<?xml version="1.0" encoding="utf-8"?>
<Project ToolsVersion="4.0" xmlns="http://schemas.microsoft.com/developer/msbuild/2003">
  <ItemGroup>
    <Filter Include="소스 파일">
      <UniqueIdentifier>{4FC737F1-C7A5-4376-A066-2A32D752A2FF}</UniqueIdentifier>
      <Extensions>cpp;c;cc;cxx;c++;cppm;ixx;def;odl;idl;hpj;bat;asm;asmx</Extensions>
    </Filter>
    <Filter Include="헤더 파일">
      <UniqueIdentifier>{93995380-89BD-4b04-88EB-625FBE52EBFB}</UniqueIdentifier>
      <Extensions>h;hh;hpp;hxx;h++;hm;inl;inc;ipp;xsd</Extensions>
    </Filter>
    <Filter Include="리소스 파일">
      <UniqueIdentifier>{67DA6AB6-F800-4c08-8B7A-83BB121AAD01}</UniqueIdentifier>
      <Extensions>rc;ico;cur;bmp;dlg;rc2;rct;bin;rgs;gif;jpg;jpeg;jpe;resx;tiff;tif;png;wav;mfcribbon-ms</Extensions>
    </Filter>
    <Filter Include="리소스 파일\Chara">
      <UniqueIdentifier>{7f60e379-72cd-4544-8e0e-2ced83e56128}</UniqueIdentifier>
    </Filter>
  </ItemGroup>
  <ItemGroup>
    <ClCompile Include="Main.cpp">
      <Filter>소스 파일</Filter>
    </ClCompile>
    <ClCompile Include="System.cpp">
      <Filter>소스 파일</Filter>
    </ClCompile>
    <ClCompile Include="Shop.cpp">
      <Filter>소스 파일</Filter>
    </ClCompile>
    <ClCompile Include="Train.cpp">
      <Filter>소스 파일</Filter>
    </ClCompile>
    <ClCompile Include="Charactor.cpp">
      <Filter>소스 파일</Filter>
    </ClCompile>
    <ClCompile Include="CData.cpp">
      <Filter>소스 파일</Filter>
    </ClCompile>
    <ClCompile Include="SaveLoad.cpp">
      <Filter>소스 파일</Filter>
    </ClCompile>
  </ItemGroup>
  <ItemGroup>
    <ClInclude Include="System.h">
      <Filter>헤더 파일</Filter>
    </ClInclude>
    <ClInclude Include="Shop.h">
      <Filter>헤더 파일</Filter>
    </ClInclude>
    <ClInclude Include="Charactor.h">
      <Filter>헤더 파일</Filter>
    </ClInclude>
    <ClInclude Include="Train.h">
      <Filter>헤더 파일</Filter>
    </ClInclude>
    <ClInclude Include="CData.h">
      <Filter>헤더 파일</Filter>
    </ClInclude>
    <ClInclude Include="SaveLoad.h">
      <Filter>헤더 파일</Filter>
    </ClInclude>
  </ItemGroup>
  <ItemGroup>
    <None Include="CSV\CFlag.csv">
      <Filter>리소스 파일</Filter>
    </None>
    <None Include="CSV\Charactors.csv">
      <Filter>리소스 파일</Filter>
    </None>
    <None Include="CSV\CStr.csv">
      <Filter>리소스 파일</Filter>
    </None>
    <None Include="CSV\CTalent.csv">
      <Filter>리소스 파일</Filter>
    </None>
    <None Include="CSV\Chara\1 UDK.csv">
      <Filter>리소스 파일\Chara</Filter>
    </None>
    <None Include="CSV\Chara\2 RU.csv">
      <Filter>리소스 파일\Chara</Filter>
    </None>
  </ItemGroup>
</Project>