<?xml version="1.0" encoding="utf-8"?>
<Project ToolsVersion="4.0" xmlns="http://schemas.microsoft.com/developer/msbuild/2003">
  <ItemGroup>
    <Filter Include="소스 파일">
      <UniqueIdentifier>{4FC737F1-C7A5-4376-A066-2A32D752A2FF}</UniqueIdentifier>
      <Extensions>cpp;c;cc;cxx;c++;cppm;ixx;def;odl;idl;hpj;bat;asm;asmx</Extensions>
    </Filter>
    <Filter Include="헤더 파일">
      <UniqueIdentifier>{93995380-89BD-4b04-88EB-625FBE52EBFB}</UniqueIdentifier>
      <Extensions>h;hh;hpp;hxx;h++;hm;inl;inc;ipp;xsd</Extensions>
    </Filter>
    <Filter Include="리소스 파일">
      <UniqueIdentifier>{67DA6AB6-F800-4c08-8B7A-83BB121AAD01}</UniqueIdentifier>
      <Extensions>rc;ico;cur;bmp;dlg;rc2;rct;bin;rgs;gif;jpg;jpeg;jpe;resx;tiff;tif;png;wav;mfcribbon-ms</Extensions>
    </Filter>
    <Filter Include="리소스 파일\Chara">
      <UniqueIdentifier>{7f60e379-72cd-4544-8e0e-2ced83e56128}</UniqueIdentifier>
    </Filter>
    <Filter Include="소스 파일\Commands">
      <UniqueIdentifier>{8741f4c3-80b5-4ed6-aea8-1dae9f983bd7}</UniqueIdentifier>
    </Filter>
    <Filter Include="헤더 파일\Commands">
      <UniqueIdentifier>{1ba3838c-0f73-483d-b5d9-d7d3a87d09d4}</UniqueIdentifier>
    </Filter>
    <Filter Include="헤더 파일\Characters">
      <UniqueIdentifier>{88bb7ad4-cf2d-4025-8b76-e9bf864af91c}</UniqueIdentifier>
    </Filter>
    <Filter Include="소스 파일\Characters">
      <UniqueIdentifier>{11b20c62-1b05-4efb-a00d-ce7aff848c35}</UniqueIdentifier>
    </Filter>
  </ItemGroup>
  <ItemGroup>
    <ClCompile Include="Main.cpp">
      <Filter>소스 파일</Filter>
    </ClCompile>
    <ClCompile Include="System.cpp">
      <Filter>소스 파일</Filter>
    </ClCompile>
    <ClCompile Include="Shop.cpp">
      <Filter>소스 파일</Filter>
    </ClCompile>
    <ClCompile Include="Train.cpp">
      <Filter>소스 파일</Filter>
    </ClCompile>
    <ClCompile Include="Character.cpp">
      <Filter>소스 파일</Filter>
    </ClCompile>
    <ClCompile Include="CData.cpp">
      <Filter>소스 파일</Filter>
    </ClCompile>
    <ClCompile Include="SaveLoad.cpp">
      <Filter>소스 파일</Filter>
    </ClCompile>
    <ClCompile Include="Command.cpp">
      <Filter>소스 파일</Filter>
    </ClCompile>
    <ClCompile Include="com999.cpp">
      <Filter>소스 파일\Commands</Filter>
    </ClCompile>
    <ClCompile Include="com010.cpp">
      <Filter>소스 파일\Commands</Filter>
    </ClCompile>
    <ClCompile Include="com009.cpp">
      <Filter>소스 파일\Commands</Filter>
    </ClCompile>
    <ClCompile Include="Battle.cpp">
      <Filter>소스 파일</Filter>
    </ClCompile>
    <ClCompile Include="Glocal.cpp">
      <Filter>소스 파일</Filter>
    </ClCompile>
    <ClCompile Include="Enemy.cpp">
      <Filter>소스 파일</Filter>
    </ClCompile>
    <ClCompile Include="com000.cpp">
      <Filter>소스 파일\Commands</Filter>
    </ClCompile>
    <ClCompile Include="UDK.cpp">
      <Filter>소스 파일\Characters</Filter>
    </ClCompile>
    <ClCompile Include="히데.cpp">
      <Filter>소스 파일\Characters</Filter>
    </ClCompile>
    <ClCompile Include="Title.cpp">
      <Filter>소스 파일</Filter>
    </ClCompile>
    <ClCompile Include="YMN.cpp">
      <Filter>소스 파일\Characters</Filter>
    </ClCompile>
    <ClCompile Include="KBS.cpp">
      <Filter>소스 파일\Characters</Filter>
    </ClCompile>
    <ClCompile Include="유사쿠.cpp">
      <Filter>소스 파일\Characters</Filter>
    </ClCompile>
    <ClCompile Include="HSI.cpp">
      <Filter>소스 파일\Characters</Filter>
    </ClCompile>
    <ClCompile Include="KMR.cpp">
      <Filter>소스 파일\Characters</Filter>
    </ClCompile>
    <ClCompile Include="Cyclops.cpp">
      <Filter>소스 파일\Characters</Filter>
    </ClCompile>
  </ItemGroup>
  <ItemGroup>
    <ClInclude Include="System.h">
      <Filter>헤더 파일</Filter>
    </ClInclude>
    <ClInclude Include="Shop.h">
      <Filter>헤더 파일</Filter>
    </ClInclude>
    <ClInclude Include="Character.h">
      <Filter>헤더 파일</Filter>
    </ClInclude>
    <ClInclude Include="Train.h">
      <Filter>헤더 파일</Filter>
    </ClInclude>
    <ClInclude Include="CData.h">
      <Filter>헤더 파일</Filter>
    </ClInclude>
    <ClInclude Include="SaveLoad.h">
      <Filter>헤더 파일</Filter>
    </ClInclude>
    <ClInclude Include="Command.h">
      <Filter>헤더 파일</Filter>
    </ClInclude>
    <ClInclude Include="com999.h">
      <Filter>헤더 파일\Commands</Filter>
    </ClInclude>
    <ClInclude Include="com000.h">
      <Filter>헤더 파일\Commands</Filter>
    </ClInclude>
    <ClInclude Include="com010.h">
      <Filter>헤더 파일\Commands</Filter>
    </ClInclude>
    <ClInclude Include="com009.h">
      <Filter>헤더 파일\Commands</Filter>
    </ClInclude>
    <ClInclude Include="Battle.h">
      <Filter>헤더 파일</Filter>
    </ClInclude>
    <ClInclude Include="Glocal.h">
      <Filter>헤더 파일</Filter>
    </ClInclude>
    <ClInclude Include="Enemy.h">
      <Filter>헤더 파일</Filter>
    </ClInclude>
    <ClInclude Include="UDK.h">
      <Filter>헤더 파일\Characters</Filter>
    </ClInclude>
    <ClInclude Include="히데.h">
      <Filter>헤더 파일\Characters</Filter>
    </ClInclude>
    <ClInclude Include="Title.h">
      <Filter>헤더 파일</Filter>
    </ClInclude>
    <ClInclude Include="YMN.h">
      <Filter>헤더 파일\Characters</Filter>
    </ClInclude>
    <ClInclude Include="KBS.h">
      <Filter>헤더 파일\Characters</Filter>
    </ClInclude>
    <ClInclude Include="유사쿠.h">
      <Filter>헤더 파일\Characters</Filter>
    </ClInclude>
    <ClInclude Include="HSI.h">
      <Filter>헤더 파일\Characters</Filter>
    </ClInclude>
    <ClInclude Include="KMR.h">
      <Filter>헤더 파일\Characters</Filter>
    </ClInclude>
    <ClInclude Include="Cyclops.h">
      <Filter>헤더 파일\Characters</Filter>
    </ClInclude>
  </ItemGroup>
  <ItemGroup>
    <None Include="CSV\CFlag.csv">
      <Filter>리소스 파일</Filter>
    </None>
    <None Include="CSV\Character.csv">
      <Filter>리소스 파일</Filter>
    </None>
    <None Include="CSV\CStr.csv">
      <Filter>리소스 파일</Filter>
    </None>
    <None Include="CSV\CTalent.csv">
      <Filter>리소스 파일</Filter>
    </None>
    <None Include="CSV\Param.csv">
      <Filter>리소스 파일</Filter>
    </None>
    <None Include="CSV\Chara\100 히데.csv">
      <Filter>리소스 파일\Chara</Filter>
    </None>
    <None Include="CSV\Local.csv">
      <Filter>리소스 파일</Filter>
    </None>
    <None Include="CSV\Global.csv">
      <Filter>리소스 파일</Filter>
    </None>
    <None Include="CSV\Chara\0 YMN.csv">
      <Filter>리소스 파일\Chara</Filter>
    </None>
    <None Include="CSV\Chara\101 KBS트리오.csv">
      <Filter>리소스 파일\Chara</Filter>
    </None>
    <None Include="CSV\Chara\102 유사쿠.csv">
      <Filter>리소스 파일\Chara</Filter>
    </None>
    <None Include="CSV\Chara\103 HSI.csv">
      <Filter>리소스 파일\Chara</Filter>
    </None>
    <None Include="CSV\Chara\105 AI사이클롭스.csv">
      <Filter>리소스 파일\Chara</Filter>
    </None>
    <None Include="CSV\Chara\106 ICG.csv">
      <Filter>리소스 파일\Chara</Filter>
    </None>
    <None Include="CSV\Chara\107 HNS.csv">
      <Filter>리소스 파일\Chara</Filter>
    </None>
    <None Include="CSV\Chara\108 TIS.csv">
      <Filter>리소스 파일\Chara</Filter>
    </None>
    <None Include="CSV\Chara\109 타쿠야.csv">
      <Filter>리소스 파일\Chara</Filter>
    </None>
    <None Include="CSV\Chara\110 히라노.csv">
      <Filter>리소스 파일\Chara</Filter>
    </None>
    <None Include="CSV\Chara\111 학대아저씨.csv">
      <Filter>리소스 파일\Chara</Filter>
    </None>
    <None Include="CSV\Chara\112 GO.csv">
      <Filter>리소스 파일\Chara</Filter>
    </None>
    <None Include="CSV\Chara\3 AKYS.csv">
      <Filter>리소스 파일\Chara</Filter>
    </None>
    <None Include="CSV\Chara\4 KNN.csv">
      <Filter>리소스 파일\Chara</Filter>
    </None>
    <None Include="CSV\Chara\1 야수선배.csv">
      <Filter>리소스 파일\Chara</Filter>
    </None>
    <None Include="CSV\Chara\2 UDK.csv">
      <Filter>리소스 파일\Chara</Filter>
    </None>
    <None Include="CSV\Chara\104 KMR.csv">
      <Filter>리소스 파일\Chara</Filter>
    </None>
  </ItemGroup>
</Project>